
Microsoft Visual Studio Solution File, Format Version 12.00
# Visual Studio 15
VisualStudioVersion = 15.0.26228.10
MinimumVisualStudioVersion = 10.0.40219.1
Project("{FAE04EC0-301F-11D3-BF4B-00C04F79EFBC}") = "PeopleApp.Android", "PeopleApp\PeopleApp.Android\PeopleApp.Android.csproj", "{E50289DD-5039-479B-876B-1337032A3DFD}"
EndProject
Project("{FAE04EC0-301F-11D3-BF4B-00C04F79EFBC}") = "PeopleApp", "PeopleApp\PeopleApp\PeopleApp.csproj", "{B0847A99-4BA4-46FD-8866-CBF5E2FB9829}"
EndProject
Project("{FAE04EC0-301F-11D3-BF4B-00C04F79EFBC}") = "PeopleApp.iOS", "PeopleApp\PeopleApp.iOS\PeopleApp.iOS.csproj", "{F829E580-D0BC-4946-B862-DD95150C8366}"
EndProject
Global
	GlobalSection(SolutionConfigurationPlatforms) = preSolution
		Ad-Hoc|Any CPU = Ad-Hoc|Any CPU
		Ad-Hoc|ARM = Ad-Hoc|ARM
		Ad-Hoc|iPhone = Ad-Hoc|iPhone
		Ad-Hoc|iPhoneSimulator = Ad-Hoc|iPhoneSimulator
		Ad-Hoc|x64 = Ad-Hoc|x64
		Ad-Hoc|x86 = Ad-Hoc|x86
		AppStore|Any CPU = AppStore|Any CPU
		AppStore|ARM = AppStore|ARM
		AppStore|iPhone = AppStore|iPhone
		AppStore|iPhoneSimulator = AppStore|iPhoneSimulator
		AppStore|x64 = AppStore|x64
		AppStore|x86 = AppStore|x86
		Debug|Any CPU = Debug|Any CPU
		Debug|ARM = Debug|ARM
		Debug|iPhone = Debug|iPhone
		Debug|iPhoneSimulator = Debug|iPhoneSimulator
		Debug|x64 = Debug|x64
		Debug|x86 = Debug|x86
		Release|Any CPU = Release|Any CPU
		Release|ARM = Release|ARM
		Release|iPhone = Release|iPhone
		Release|iPhoneSimulator = Release|iPhoneSimulator
		Release|x64 = Release|x64
		Release|x86 = Release|x86
	EndGlobalSection
	GlobalSection(ProjectConfigurationPlatforms) = postSolution
		{E50289DD-5039-479B-876B-1337032A3DFD}.Ad-Hoc|Any CPU.ActiveCfg = Release|Any CPU
		{E50289DD-5039-479B-876B-1337032A3DFD}.Ad-Hoc|Any CPU.Build.0 = Release|Any CPU
		{E50289DD-5039-479B-876B-1337032A3DFD}.Ad-Hoc|Any CPU.Deploy.0 = Release|Any CPU
		{E50289DD-5039-479B-876B-1337032A3DFD}.Ad-Hoc|ARM.ActiveCfg = Release|Any CPU
		{E50289DD-5039-479B-876B-1337032A3DFD}.Ad-Hoc|ARM.Build.0 = Release|Any CPU
		{E50289DD-5039-479B-876B-1337032A3DFD}.Ad-Hoc|ARM.Deploy.0 = Release|Any CPU
		{E50289DD-5039-479B-876B-1337032A3DFD}.Ad-Hoc|iPhone.ActiveCfg = Release|Any CPU
		{E50289DD-5039-479B-876B-1337032A3DFD}.Ad-Hoc|iPhone.Build.0 = Release|Any CPU
		{E50289DD-5039-479B-876B-1337032A3DFD}.Ad-Hoc|iPhone.Deploy.0 = Release|Any CPU
		{E50289DD-5039-479B-876B-1337032A3DFD}.Ad-Hoc|iPhoneSimulator.ActiveCfg = Release|Any CPU
		{E50289DD-5039-479B-876B-1337032A3DFD}.Ad-Hoc|iPhoneSimulator.Build.0 = Release|Any CPU
		{E50289DD-5039-479B-876B-1337032A3DFD}.Ad-Hoc|iPhoneSimulator.Deploy.0 = Release|Any CPU
		{E50289DD-5039-479B-876B-1337032A3DFD}.Ad-Hoc|x64.ActiveCfg = Release|Any CPU
		{E50289DD-5039-479B-876B-1337032A3DFD}.Ad-Hoc|x64.Build.0 = Release|Any CPU
		{E50289DD-5039-479B-876B-1337032A3DFD}.Ad-Hoc|x64.Deploy.0 = Release|Any CPU
		{E50289DD-5039-479B-876B-1337032A3DFD}.Ad-Hoc|x86.ActiveCfg = Release|Any CPU
		{E50289DD-5039-479B-876B-1337032A3DFD}.Ad-Hoc|x86.Build.0 = Release|Any CPU
		{E50289DD-5039-479B-876B-1337032A3DFD}.Ad-Hoc|x86.Deploy.0 = Release|Any CPU
		{E50289DD-5039-479B-876B-1337032A3DFD}.AppStore|Any CPU.ActiveCfg = Release|Any CPU
		{E50289DD-5039-479B-876B-1337032A3DFD}.AppStore|Any CPU.Build.0 = Release|Any CPU
		{E50289DD-5039-479B-876B-1337032A3DFD}.AppStore|Any CPU.Deploy.0 = Release|Any CPU
		{E50289DD-5039-479B-876B-1337032A3DFD}.AppStore|ARM.ActiveCfg = Release|Any CPU
		{E50289DD-5039-479B-876B-1337032A3DFD}.AppStore|ARM.Build.0 = Release|Any CPU
		{E50289DD-5039-479B-876B-1337032A3DFD}.AppStore|ARM.Deploy.0 = Release|Any CPU
		{E50289DD-5039-479B-876B-1337032A3DFD}.AppStore|iPhone.ActiveCfg = Release|Any CPU
		{E50289DD-5039-479B-876B-1337032A3DFD}.AppStore|iPhone.Build.0 = Release|Any CPU
		{E50289DD-5039-479B-876B-1337032A3DFD}.AppStore|iPhone.Deploy.0 = Release|Any CPU
		{E50289DD-5039-479B-876B-1337032A3DFD}.AppStore|iPhoneSimulator.ActiveCfg = Release|Any CPU
		{E50289DD-5039-479B-876B-1337032A3DFD}.AppStore|iPhoneSimulator.Build.0 = Release|Any CPU
		{E50289DD-5039-479B-876B-1337032A3DFD}.AppStore|iPhoneSimulator.Deploy.0 = Release|Any CPU
		{E50289DD-5039-479B-876B-1337032A3DFD}.AppStore|x64.ActiveCfg = Release|Any CPU
		{E50289DD-5039-479B-876B-1337032A3DFD}.AppStore|x64.Build.0 = Release|Any CPU
		{E50289DD-5039-479B-876B-1337032A3DFD}.AppStore|x64.Deploy.0 = Release|Any CPU
		{E50289DD-5039-479B-876B-1337032A3DFD}.AppStore|x86.ActiveCfg = Release|Any CPU
		{E50289DD-5039-479B-876B-1337032A3DFD}.AppStore|x86.Build.0 = Release|Any CPU
		{E50289DD-5039-479B-876B-1337032A3DFD}.AppStore|x86.Deploy.0 = Release|Any CPU
		{E50289DD-5039-479B-876B-1337032A3DFD}.Debug|Any CPU.ActiveCfg = Debug|Any CPU
		{E50289DD-5039-479B-876B-1337032A3DFD}.Debug|Any CPU.Build.0 = Debug|Any CPU
		{E50289DD-5039-479B-876B-1337032A3DFD}.Debug|Any CPU.Deploy.0 = Debug|Any CPU
		{E50289DD-5039-479B-876B-1337032A3DFD}.Debug|ARM.ActiveCfg = Debug|Any CPU
		{E50289DD-5039-479B-876B-1337032A3DFD}.Debug|ARM.Build.0 = Debug|Any CPU
		{E50289DD-5039-479B-876B-1337032A3DFD}.Debug|ARM.Deploy.0 = Debug|Any CPU
		{E50289DD-5039-479B-876B-1337032A3DFD}.Debug|iPhone.ActiveCfg = Debug|Any CPU
		{E50289DD-5039-479B-876B-1337032A3DFD}.Debug|iPhone.Build.0 = Debug|Any CPU
		{E50289DD-5039-479B-876B-1337032A3DFD}.Debug|iPhone.Deploy.0 = Debug|Any CPU
		{E50289DD-5039-479B-876B-1337032A3DFD}.Debug|iPhoneSimulator.ActiveCfg = Debug|Any CPU
		{E50289DD-5039-479B-876B-1337032A3DFD}.Debug|iPhoneSimulator.Build.0 = Debug|Any CPU
		{E50289DD-5039-479B-876B-1337032A3DFD}.Debug|iPhoneSimulator.Deploy.0 = Debug|Any CPU
		{E50289DD-5039-479B-876B-1337032A3DFD}.Debug|x64.ActiveCfg = Debug|Any CPU
		{E50289DD-5039-479B-876B-1337032A3DFD}.Debug|x64.Build.0 = Debug|Any CPU
		{E50289DD-5039-479B-876B-1337032A3DFD}.Debug|x64.Deploy.0 = Debug|Any CPU
		{E50289DD-5039-479B-876B-1337032A3DFD}.Debug|x86.ActiveCfg = Debug|Any CPU
		{E50289DD-5039-479B-876B-1337032A3DFD}.Debug|x86.Build.0 = Debug|Any CPU
		{E50289DD-5039-479B-876B-1337032A3DFD}.Debug|x86.Deploy.0 = Debug|Any CPU
		{E50289DD-5039-479B-876B-1337032A3DFD}.Release|Any CPU.ActiveCfg = Release|Any CPU
		{E50289DD-5039-479B-876B-1337032A3DFD}.Release|Any CPU.Build.0 = Release|Any CPU
		{E50289DD-5039-479B-876B-1337032A3DFD}.Release|Any CPU.Deploy.0 = Release|Any CPU
		{E50289DD-5039-479B-876B-1337032A3DFD}.Release|ARM.ActiveCfg = Release|Any CPU
		{E50289DD-5039-479B-876B-1337032A3DFD}.Release|ARM.Build.0 = Release|Any CPU
		{E50289DD-5039-479B-876B-1337032A3DFD}.Release|ARM.Deploy.0 = Release|Any CPU
		{E50289DD-5039-479B-876B-1337032A3DFD}.Release|iPhone.ActiveCfg = Release|Any CPU
		{E50289DD-5039-479B-876B-1337032A3DFD}.Release|iPhone.Build.0 = Release|Any CPU
		{E50289DD-5039-479B-876B-1337032A3DFD}.Release|iPhone.Deploy.0 = Release|Any CPU
		{E50289DD-5039-479B-876B-1337032A3DFD}.Release|iPhoneSimulator.ActiveCfg = Release|Any CPU
		{E50289DD-5039-479B-876B-1337032A3DFD}.Release|iPhoneSimulator.Build.0 = Release|Any CPU
		{E50289DD-5039-479B-876B-1337032A3DFD}.Release|iPhoneSimulator.Deploy.0 = Release|Any CPU
		{E50289DD-5039-479B-876B-1337032A3DFD}.Release|x64.ActiveCfg = Release|Any CPU
		{E50289DD-5039-479B-876B-1337032A3DFD}.Release|x64.Build.0 = Release|Any CPU
		{E50289DD-5039-479B-876B-1337032A3DFD}.Release|x64.Deploy.0 = Release|Any CPU
		{E50289DD-5039-479B-876B-1337032A3DFD}.Release|x86.ActiveCfg = Release|Any CPU
		{E50289DD-5039-479B-876B-1337032A3DFD}.Release|x86.Build.0 = Release|Any CPU
		{E50289DD-5039-479B-876B-1337032A3DFD}.Release|x86.Deploy.0 = Release|Any CPU
		{B0847A99-4BA4-46FD-8866-CBF5E2FB9829}.Ad-Hoc|Any CPU.ActiveCfg = Release|Any CPU
		{B0847A99-4BA4-46FD-8866-CBF5E2FB9829}.Ad-Hoc|Any CPU.Build.0 = Release|Any CPU
		{B0847A99-4BA4-46FD-8866-CBF5E2FB9829}.Ad-Hoc|ARM.ActiveCfg = Release|Any CPU
		{B0847A99-4BA4-46FD-8866-CBF5E2FB9829}.Ad-Hoc|ARM.Build.0 = Release|Any CPU
		{B0847A99-4BA4-46FD-8866-CBF5E2FB9829}.Ad-Hoc|iPhone.ActiveCfg = Release|Any CPU
		{B0847A99-4BA4-46FD-8866-CBF5E2FB9829}.Ad-Hoc|iPhone.Build.0 = Release|Any CPU
		{B0847A99-4BA4-46FD-8866-CBF5E2FB9829}.Ad-Hoc|iPhoneSimulator.ActiveCfg = Release|Any CPU
		{B0847A99-4BA4-46FD-8866-CBF5E2FB9829}.Ad-Hoc|iPhoneSimulator.Build.0 = Release|Any CPU
		{B0847A99-4BA4-46FD-8866-CBF5E2FB9829}.Ad-Hoc|x64.ActiveCfg = Release|Any CPU
		{B0847A99-4BA4-46FD-8866-CBF5E2FB9829}.Ad-Hoc|x64.Build.0 = Release|Any CPU
		{B0847A99-4BA4-46FD-8866-CBF5E2FB9829}.Ad-Hoc|x86.ActiveCfg = Release|Any CPU
		{B0847A99-4BA4-46FD-8866-CBF5E2FB9829}.Ad-Hoc|x86.Build.0 = Release|Any CPU
		{B0847A99-4BA4-46FD-8866-CBF5E2FB9829}.AppStore|Any CPU.ActiveCfg = Release|Any CPU
		{B0847A99-4BA4-46FD-8866-CBF5E2FB9829}.AppStore|Any CPU.Build.0 = Release|Any CPU
		{B0847A99-4BA4-46FD-8866-CBF5E2FB9829}.AppStore|ARM.ActiveCfg = Release|Any CPU
		{B0847A99-4BA4-46FD-8866-CBF5E2FB9829}.AppStore|ARM.Build.0 = Release|Any CPU
		{B0847A99-4BA4-46FD-8866-CBF5E2FB9829}.AppStore|iPhone.ActiveCfg = Release|Any CPU
		{B0847A99-4BA4-46FD-8866-CBF5E2FB9829}.AppStore|iPhone.Build.0 = Release|Any CPU
		{B0847A99-4BA4-46FD-8866-CBF5E2FB9829}.AppStore|iPhoneSimulator.ActiveCfg = Release|Any CPU
		{B0847A99-4BA4-46FD-8866-CBF5E2FB9829}.AppStore|iPhoneSimulator.Build.0 = Release|Any CPU
		{B0847A99-4BA4-46FD-8866-CBF5E2FB9829}.AppStore|x64.ActiveCfg = Release|Any CPU
		{B0847A99-4BA4-46FD-8866-CBF5E2FB9829}.AppStore|x64.Build.0 = Release|Any CPU
		{B0847A99-4BA4-46FD-8866-CBF5E2FB9829}.AppStore|x86.ActiveCfg = Release|Any CPU
		{B0847A99-4BA4-46FD-8866-CBF5E2FB9829}.AppStore|x86.Build.0 = Release|Any CPU
		{B0847A99-4BA4-46FD-8866-CBF5E2FB9829}.Debug|Any CPU.ActiveCfg = Debug|Any CPU
		{B0847A99-4BA4-46FD-8866-CBF5E2FB9829}.Debug|Any CPU.Build.0 = Debug|Any CPU
		{B0847A99-4BA4-46FD-8866-CBF5E2FB9829}.Debug|ARM.ActiveCfg = Debug|Any CPU
		{B0847A99-4BA4-46FD-8866-CBF5E2FB9829}.Debug|ARM.Build.0 = Debug|Any CPU
		{B0847A99-4BA4-46FD-8866-CBF5E2FB9829}.Debug|iPhone.ActiveCfg = Debug|Any CPU
		{B0847A99-4BA4-46FD-8866-CBF5E2FB9829}.Debug|iPhone.Build.0 = Debug|Any CPU
		{B0847A99-4BA4-46FD-8866-CBF5E2FB9829}.Debug|iPhoneSimulator.ActiveCfg = Debug|Any CPU
		{B0847A99-4BA4-46FD-8866-CBF5E2FB9829}.Debug|iPhoneSimulator.Build.0 = Debug|Any CPU
		{B0847A99-4BA4-46FD-8866-CBF5E2FB9829}.Debug|x64.ActiveCfg = Debug|Any CPU
		{B0847A99-4BA4-46FD-8866-CBF5E2FB9829}.Debug|x64.Build.0 = Debug|Any CPU
		{B0847A99-4BA4-46FD-8866-CBF5E2FB9829}.Debug|x86.ActiveCfg = Debug|Any CPU
		{B0847A99-4BA4-46FD-8866-CBF5E2FB9829}.Debug|x86.Build.0 = Debug|Any CPU
		{B0847A99-4BA4-46FD-8866-CBF5E2FB9829}.Release|Any CPU.ActiveCfg = Release|Any CPU
		{B0847A99-4BA4-46FD-8866-CBF5E2FB9829}.Release|Any CPU.Build.0 = Release|Any CPU
		{B0847A99-4BA4-46FD-8866-CBF5E2FB9829}.Release|ARM.ActiveCfg = Release|Any CPU
		{B0847A99-4BA4-46FD-8866-CBF5E2FB9829}.Release|ARM.Build.0 = Release|Any CPU
		{B0847A99-4BA4-46FD-8866-CBF5E2FB9829}.Release|iPhone.ActiveCfg = Release|Any CPU
		{B0847A99-4BA4-46FD-8866-CBF5E2FB9829}.Release|iPhone.Build.0 = Release|Any CPU
		{B0847A99-4BA4-46FD-8866-CBF5E2FB9829}.Release|iPhoneSimulator.ActiveCfg = Release|Any CPU
		{B0847A99-4BA4-46FD-8866-CBF5E2FB9829}.Release|iPhoneSimulator.Build.0 = Release|Any CPU
		{B0847A99-4BA4-46FD-8866-CBF5E2FB9829}.Release|x64.ActiveCfg = Release|Any CPU
		{B0847A99-4BA4-46FD-8866-CBF5E2FB9829}.Release|x64.Build.0 = Release|Any CPU
		{B0847A99-4BA4-46FD-8866-CBF5E2FB9829}.Release|x86.ActiveCfg = Release|Any CPU
		{B0847A99-4BA4-46FD-8866-CBF5E2FB9829}.Release|x86.Build.0 = Release|Any CPU
		{F829E580-D0BC-4946-B862-DD95150C8366}.Ad-Hoc|Any CPU.ActiveCfg = Ad-Hoc|iPhone
		{F829E580-D0BC-4946-B862-DD95150C8366}.Ad-Hoc|ARM.ActiveCfg = Ad-Hoc|iPhone
		{F829E580-D0BC-4946-B862-DD95150C8366}.Ad-Hoc|iPhone.ActiveCfg = Ad-Hoc|iPhone
		{F829E580-D0BC-4946-B862-DD95150C8366}.Ad-Hoc|iPhone.Build.0 = Ad-Hoc|iPhone
		{F829E580-D0BC-4946-B862-DD95150C8366}.Ad-Hoc|iPhoneSimulator.ActiveCfg = Ad-Hoc|iPhoneSimulator
		{F829E580-D0BC-4946-B862-DD95150C8366}.Ad-Hoc|iPhoneSimulator.Build.0 = Ad-Hoc|iPhoneSimulator
		{F829E580-D0BC-4946-B862-DD95150C8366}.Ad-Hoc|x64.ActiveCfg = Ad-Hoc|iPhone
		{F829E580-D0BC-4946-B862-DD95150C8366}.Ad-Hoc|x86.ActiveCfg = Ad-Hoc|iPhone
		{F829E580-D0BC-4946-B862-DD95150C8366}.AppStore|Any CPU.ActiveCfg = AppStore|iPhone
		{F829E580-D0BC-4946-B862-DD95150C8366}.AppStore|ARM.ActiveCfg = AppStore|iPhone
		{F829E580-D0BC-4946-B862-DD95150C8366}.AppStore|iPhone.ActiveCfg = AppStore|iPhone
		{F829E580-D0BC-4946-B862-DD95150C8366}.AppStore|iPhone.Build.0 = AppStore|iPhone
		{F829E580-D0BC-4946-B862-DD95150C8366}.AppStore|iPhoneSimulator.ActiveCfg = AppStore|iPhoneSimulator
		{F829E580-D0BC-4946-B862-DD95150C8366}.AppStore|iPhoneSimulator.Build.0 = AppStore|iPhoneSimulator
		{F829E580-D0BC-4946-B862-DD95150C8366}.AppStore|x64.ActiveCfg = AppStore|iPhone
		{F829E580-D0BC-4946-B862-DD95150C8366}.AppStore|x86.ActiveCfg = AppStore|iPhone
		{F829E580-D0BC-4946-B862-DD95150C8366}.Debug|Any CPU.ActiveCfg = Debug|iPhone
		{F829E580-D0BC-4946-B862-DD95150C8366}.Debug|ARM.ActiveCfg = Debug|iPhone
		{F829E580-D0BC-4946-B862-DD95150C8366}.Debug|iPhone.ActiveCfg = Debug|iPhone
		{F829E580-D0BC-4946-B862-DD95150C8366}.Debug|iPhone.Build.0 = Debug|iPhone
		{F829E580-D0BC-4946-B862-DD95150C8366}.Debug|iPhoneSimulator.ActiveCfg = Debug|iPhoneSimulator
		{F829E580-D0BC-4946-B862-DD95150C8366}.Debug|iPhoneSimulator.Build.0 = Debug|iPhoneSimulator
		{F829E580-D0BC-4946-B862-DD95150C8366}.Debug|x64.ActiveCfg = Debug|iPhone
		{F829E580-D0BC-4946-B862-DD95150C8366}.Debug|x86.ActiveCfg = Debug|iPhone
		{F829E580-D0BC-4946-B862-DD95150C8366}.Release|Any CPU.ActiveCfg = Release|iPhone
		{F829E580-D0BC-4946-B862-DD95150C8366}.Release|ARM.ActiveCfg = Release|iPhone
		{F829E580-D0BC-4946-B862-DD95150C8366}.Release|iPhone.ActiveCfg = Release|iPhone
		{F829E580-D0BC-4946-B862-DD95150C8366}.Release|iPhone.Build.0 = Release|iPhone
		{F829E580-D0BC-4946-B862-DD95150C8366}.Release|iPhoneSimulator.ActiveCfg = Release|iPhoneSimulator
		{F829E580-D0BC-4946-B862-DD95150C8366}.Release|iPhoneSimulator.Build.0 = Release|iPhoneSimulator
		{F829E580-D0BC-4946-B862-DD95150C8366}.Release|x64.ActiveCfg = Release|iPhone
		{F829E580-D0BC-4946-B862-DD95150C8366}.Release|x86.ActiveCfg = Release|iPhone
	EndGlobalSection
	GlobalSection(SolutionProperties) = preSolution
		HideSolutionNode = FALSE
	EndGlobalSection
EndGlobal
